
Microsoft Visual Studio Solution File, Format Version 12.00
# Visual Studio 15
VisualStudioVersion = 15.0.28307.438
MinimumVisualStudioVersion = 10.0.40219.1
Project("{FAE04EC0-301F-11D3-BF4B-00C04F79EFBC}") = "my-first-razor", "my-first-razor\my-first-razor.csproj", "{268C86CD-978C-4304-8EB1-6033CF6C842E}"
EndProject
Global
	GlobalSection(SolutionConfigurationPlatforms) = preSolution
		Debug|Any CPU = Debug|Any CPU
		Release|Any CPU = Release|Any CPU
	EndGlobalSection
	GlobalSection(ProjectConfigurationPlatforms) = postSolution
		{268C86CD-978C-4304-8EB1-6033CF6C842E}.Debug|Any CPU.ActiveCfg = Debug|Any CPU
		{268C86CD-978C-4304-8EB1-6033CF6C842E}.Debug|Any CPU.Build.0 = Debug|Any CPU
		{268C86CD-978C-4304-8EB1-6033CF6C842E}.Release|Any CPU.ActiveCfg = Release|Any CPU
		{268C86CD-978C-4304-8EB1-6033CF6C842E}.Release|Any CPU.Build.0 = Release|Any CPU
	EndGlobalSection
	GlobalSection(SolutionProperties) = preSolution
		HideSolutionNode = FALSE
	EndGlobalSection
	GlobalSection(ExtensibilityGlobals) = postSolution
		SolutionGuid = {495970F3-3A58-449D-A556-C13EA2682888}
	EndGlobalSection
EndGlobal
